
Microsoft Visual Studio Solution File, Format Version 12.00
# Visual Studio Version 16
VisualStudioVersion = 16.0.30804.86
MinimumVisualStudioVersion = 10.0.40219.1
Project("{FAE04EC0-301F-11D3-BF4B-00C04F79EFBC}") = "Fiscal.MNE", "Fiscal.MNE\Fiscal.MNE.csproj", "{2627214C-EF3F-46D5-91B5-BE9F7EEED454}"
EndProject
Project("{FAE04EC0-301F-11D3-BF4B-00C04F79EFBC}") = "Fiscal.MNE.ConsoleUI", "Fiscal.MNE.ConsoleUI\Fiscal.MNE.ConsoleUI.csproj", "{6B47DD6A-25E0-4AED-8515-1550BDDFC3D1}"
EndProject
Global
	GlobalSection(SolutionConfigurationPlatforms) = preSolution
		Debug|Any CPU = Debug|Any CPU
		Release|Any CPU = Release|Any CPU
	EndGlobalSection
	GlobalSection(ProjectConfigurationPlatforms) = postSolution
		{2627214C-EF3F-46D5-91B5-BE9F7EEED454}.Debug|Any CPU.ActiveCfg = Debug|Any CPU
		{2627214C-EF3F-46D5-91B5-BE9F7EEED454}.Debug|Any CPU.Build.0 = Debug|Any CPU
		{2627214C-EF3F-46D5-91B5-BE9F7EEED454}.Release|Any CPU.ActiveCfg = Release|Any CPU
		{2627214C-EF3F-46D5-91B5-BE9F7EEED454}.Release|Any CPU.Build.0 = Release|Any CPU
		{6B47DD6A-25E0-4AED-8515-1550BDDFC3D1}.Debug|Any CPU.ActiveCfg = Debug|Any CPU
		{6B47DD6A-25E0-4AED-8515-1550BDDFC3D1}.Debug|Any CPU.Build.0 = Debug|Any CPU
		{6B47DD6A-25E0-4AED-8515-1550BDDFC3D1}.Release|Any CPU.ActiveCfg = Release|Any CPU
		{6B47DD6A-25E0-4AED-8515-1550BDDFC3D1}.Release|Any CPU.Build.0 = Release|Any CPU
	EndGlobalSection
	GlobalSection(SolutionProperties) = preSolution
		HideSolutionNode = FALSE
	EndGlobalSection
	GlobalSection(ExtensibilityGlobals) = postSolution
		SolutionGuid = {05356A6F-75E2-4A6B-BCAD-15AB80E86618}
	EndGlobalSection
EndGlobal
